
Microsoft Visual Studio Solution File, Format Version 12.00
# Visual Studio Version 16
VisualStudioVersion = 16.0.31205.134
MinimumVisualStudioVersion = 10.0.40219.1
Project("{FAE04EC0-301F-11D3-BF4B-00C04F79EFBC}") = "MVCApplication", "MVCApplication\MVCApplication.csproj", "{A3D9B1A8-14F8-41B0-88CA-2F7CF3861509}"
EndProject
Project("{FAE04EC0-301F-11D3-BF4B-00C04F79EFBC}") = "MVCEntity", "MVCEntity\MVCEntity.csproj", "{94ECE93D-00A7-4190-8914-15D11065651E}"
EndProject
Project("{FAE04EC0-301F-11D3-BF4B-00C04F79EFBC}") = "MVCLogic", "MVCLogic\MVCLogic.csproj", "{BBBB389E-C521-4D26-8A18-CCD7BA2A595A}"
EndProject
Global
	GlobalSection(SolutionConfigurationPlatforms) = preSolution
		Debug|Any CPU = Debug|Any CPU
		Release|Any CPU = Release|Any CPU
	EndGlobalSection
	GlobalSection(ProjectConfigurationPlatforms) = postSolution
		{A3D9B1A8-14F8-41B0-88CA-2F7CF3861509}.Debug|Any CPU.ActiveCfg = Debug|Any CPU
		{A3D9B1A8-14F8-41B0-88CA-2F7CF3861509}.Debug|Any CPU.Build.0 = Debug|Any CPU
		{A3D9B1A8-14F8-41B0-88CA-2F7CF3861509}.Release|Any CPU.ActiveCfg = Release|Any CPU
		{A3D9B1A8-14F8-41B0-88CA-2F7CF3861509}.Release|Any CPU.Build.0 = Release|Any CPU
		{94ECE93D-00A7-4190-8914-15D11065651E}.Debug|Any CPU.ActiveCfg = Debug|Any CPU
		{94ECE93D-00A7-4190-8914-15D11065651E}.Debug|Any CPU.Build.0 = Debug|Any CPU
		{94ECE93D-00A7-4190-8914-15D11065651E}.Release|Any CPU.ActiveCfg = Release|Any CPU
		{94ECE93D-00A7-4190-8914-15D11065651E}.Release|Any CPU.Build.0 = Release|Any CPU
		{BBBB389E-C521-4D26-8A18-CCD7BA2A595A}.Debug|Any CPU.ActiveCfg = Debug|Any CPU
		{BBBB389E-C521-4D26-8A18-CCD7BA2A595A}.Debug|Any CPU.Build.0 = Debug|Any CPU
		{BBBB389E-C521-4D26-8A18-CCD7BA2A595A}.Release|Any CPU.ActiveCfg = Release|Any CPU
		{BBBB389E-C521-4D26-8A18-CCD7BA2A595A}.Release|Any CPU.Build.0 = Release|Any CPU
	EndGlobalSection
	GlobalSection(SolutionProperties) = preSolution
		HideSolutionNode = FALSE
	EndGlobalSection
	GlobalSection(ExtensibilityGlobals) = postSolution
		SolutionGuid = {D230EF4A-59CA-4E6A-AE0F-DBBB6C100122}
	EndGlobalSection
EndGlobal
